# THIS IS AN AUTOGENERATED FILE. DO NOT EDIT THIS FILE DIRECTLY.
# yarn lockfile v1


"@sindresorhus/is@^0.7.0":
  version "0.7.0"
  resolved "https://registry.npm.taobao.org/@sindresorhus/is/download/@sindresorhus/is-0.7.0.tgz"
  integrity sha1-mgb08TfuhNffBGDB/bETX/psUP0=

"@types/node@^13.1.2":
  version "13.1.2"
  resolved "https://registry.npm.taobao.org/@types/node/download/@types/node-13.1.2.tgz"
  integrity sha1-/pQoW/XgeC4anlqMSCscNEZfo4U=

ajv@^6.5.5:
  version "6.10.2"
  resolved "https://registry.npmjs.org/ajv/-/ajv-6.10.2.tgz"
  integrity sha512-TXtUUEYHuaTEbLZWIKUr5pmBuhDLy+8KYtPYdcV8qC+pOZL+NKqYwvWSRrVXHn+ZmRRAu8vJTAznH7Oag6RVRw==
  dependencies:
    fast-deep-equal "^2.0.1"
    fast-json-stable-stringify "^2.0.0"
    json-schema-traverse "^0.4.1"
    uri-js "^4.2.2"

archive-type@^4.0.0:
  version "4.0.0"
  resolved "https://registry.npm.taobao.org/archive-type/download/archive-type-4.0.0.tgz"
  integrity sha1-+S5yIzBW38aWlHJ0nCZ72wRrHXA=
  dependencies:
    file-type "^4.2.0"

asn1@~0.2.3:
  version "0.2.4"
  resolved "https://registry.npmjs.org/asn1/-/asn1-0.2.4.tgz"
  integrity sha512-jxwzQpLQjSmWXgwaCZE9Nz+glAG01yF1QnWgbhGwHI5A6FRIEY6IVqtHhIepHqI7/kyEyQEagBC5mBEFlIYvdg==
  dependencies:
    safer-buffer "~2.1.0"

assert-plus@1.0.0, assert-plus@^1.0.0:
  version "1.0.0"
  resolved "https://registry.npmjs.org/assert-plus/-/assert-plus-1.0.0.tgz"
  integrity "sha1-8S4PPF13sLHN2RRpQuTpbB5N1SU= sha512-NfJ4UzBCcQGLDlQq7nHxH+tv3kyZ0hHQqF5BO6J7tNJeP5do1llPr8dZ8zHonfhAu0PHAdMkSo+8o0wxg9lZWw=="

asynckit@^0.4.0:
  version "0.4.0"
  resolved "https://registry.npmjs.org/asynckit/-/asynckit-0.4.0.tgz"
  integrity "sha1-x57Zf380y48robyXkLzDZkdLS3k= sha512-Oei9OH4tRh0YqU3GxhX79dM/mwVgvbZJaSNaRk+bshkj0S5cfHcgYakreBjrHwatXKbz+IoIdYLxrKim2MjW0Q=="

await-sleep@^0.0.1:
  version "0.0.1"
  resolved "https://registry.npm.taobao.org/await-sleep/download/await-sleep-0.0.1.tgz"
  integrity sha1-BEUy5J8fQhnSAw159RfWRWmifVA=

aws-sign2@~0.7.0:
  version "0.7.0"
  resolved "https://registry.npmjs.org/aws-sign2/-/aws-sign2-0.7.0.tgz"
  integrity "sha1-tG6JCTSpWR8tL2+G1+ap8bP+dqg= sha512-08kcGqnYf/YmjoRhfxyu+CLxBjUtHLXLXX/vUfx9l2LYzG3c1m61nrpyFUZI6zeS+Li/wWMMidD9KgrqtGq3mA=="

aws4@^1.8.0:
  version "1.9.0"
  resolved "https://registry.npmjs.org/aws4/-/aws4-1.9.0.tgz"
  integrity sha512-Uvq6hVe90D0B2WEnUqtdgY1bATGz3mw33nH9Y+dmA+w5DHvUmBgkr5rM/KCHpCsiFNRUfokW/szpPPgMK2hm4A==

axios@^0.21.2:
  version "0.21.2"
  resolved "https://registry.npmjs.org/axios/-/axios-0.21.2.tgz"
  integrity sha512-87otirqUw3e8CzHTMO+/9kh/FSgXt/eVDvipijwDtEuwbkySWZ9SBm6VEubmJ/kLKEoLQV/POhxXFb66bfekfg==
  dependencies:
    follow-redirects "^1.14.0"

base64-js@^1.0.2:
  version "1.3.1"
  resolved "https://registry.npmjs.org/base64-js/-/base64-js-1.3.1.tgz"
  integrity sha512-mLQ4i2QO1ytvGWFWmcngKO//JXAQueZvwEKtjgQFM4jIK0kU+ytMfplL8j+n5mspOfjHwoAg+9yhb7BwAHm36g==

bcrypt-pbkdf@^1.0.0:
  version "1.0.2"
  resolved "https://registry.npmjs.org/bcrypt-pbkdf/-/bcrypt-pbkdf-1.0.2.tgz"
  integrity "sha1-pDAdOJtqQ/m2f/PKEaP2Y342Dp4= sha512-qeFIXtP4MSoi6NLqO12WfqARWWuCKi2Rn/9hJLEmtB5yTNr9DqFWkJRCf2qShWzPeAMRnOgCrq0sg/KLv5ES9w=="
  dependencies:
    tweetnacl "^0.14.3"

bl@^1.0.0:
  version "1.2.3"
  resolved "https://registry.npmjs.org/bl/-/bl-1.2.3.tgz"
  integrity sha512-pvcNpa0UU69UT341rO6AYy4FVAIkUHuZXRIWbq+zHnsVcRzDDjIAhGuuYoi0d//cwIwtt4pkpKycWEfjdV+vww==
  dependencies:
    readable-stream "^2.3.5"
    safe-buffer "^5.1.1"

buffer-alloc-unsafe@^1.1.0:
  version "1.1.0"
  resolved "https://registry.npmjs.org/buffer-alloc-unsafe/-/buffer-alloc-unsafe-1.1.0.tgz"
  integrity sha512-TEM2iMIEQdJ2yjPJoSIsldnleVaAk1oW3DBVUykyOLsEsFmEc9kn+SFFPz+gl54KQNxlDnAwCXosOS9Okx2xAg==

buffer-alloc@^1.2.0:
  version "1.2.0"
  resolved "https://registry.npmjs.org/buffer-alloc/-/buffer-alloc-1.2.0.tgz"
  integrity sha512-CFsHQgjtW1UChdXgbyJGtnm+O/uLQeZdtbDo8mfUgYXCHSM1wgrVxXm6bSyrUuErEb+4sYVGCzASBRot7zyrow==
  dependencies:
    buffer-alloc-unsafe "^1.1.0"
    buffer-fill "^1.0.0"

buffer-crc32@~0.2.3:
  version "0.2.13"
  resolved "https://registry.npmjs.org/buffer-crc32/-/buffer-crc32-0.2.13.tgz"
  integrity "sha1-DTM+PwDqxQqhRUq9MO+MKl2ackI= sha512-VO9Ht/+p3SN7SKWqcrgEzjGbRSJYTx+Q1pTQC0wrWqHx0vpJraQ6GtHx8tvcg1rlK1byhU5gccxgOgj7B0TDkQ=="

buffer-fill@^1.0.0:
  version "1.0.0"
  resolved "https://registry.npmjs.org/buffer-fill/-/buffer-fill-1.0.0.tgz"
  integrity "sha1-+PeLdniYiO858gXNY39o5wISKyw= sha512-T7zexNBwiiaCOGDg9xNX9PBmjrubblRkENuptryuI64URkXDFum9il/JGL8Lm8wYfAXpredVXXZz7eMHilimiQ=="

buffer@^5.2.1:
  version "5.6.0"
  resolved "https://registry.npmjs.org/buffer/-/buffer-5.6.0.tgz"
  integrity sha512-/gDYp/UtU0eA1ys8bOs9J6a+E/KWIY+DZ+Q2WESNUA0jFRsJOc0SNUO6xJ5SGA1xueg3NL65W6s+NY5l9cunuw==
  dependencies:
    base64-js "^1.0.2"
    ieee754 "^1.1.4"

cacheable-request@^2.1.1:
  version "2.1.4"
  resolved "https://registry.npm.taobao.org/cacheable-request/download/cacheable-request-2.1.4.tgz"
  integrity sha1-DYCIAbY0KtM8kd+dC0TcCbkeXD0=
  dependencies:
    clone-response "1.0.2"
    get-stream "3.0.0"
    http-cache-semantics "3.8.1"
    keyv "3.0.0"
    lowercase-keys "1.0.0"
    normalize-url "2.0.1"
    responselike "1.0.2"

caseless@~0.12.0:
  version "0.12.0"
  resolved "https://registry.npmjs.org/caseless/-/caseless-0.12.0.tgz"
  integrity "sha1-G2gcIf+EAzyCZUMJBolCDRhxUdw= sha512-4tYFyifaFfGacoiObjJegolkwSU4xQNGbVgUiNYVUxbQ2x2lUsFvY4hVgVzGiIe6WLOPqycWXA40l+PWsxthUw=="

caw@^2.0.1:
  version "2.0.1"
  resolved "https://registry.npm.taobao.org/caw/download/caw-2.0.1.tgz"
  integrity sha1-bDygcfwZRyCIPC3F2psHS/x+npU=
  dependencies:
    get-proxy "^2.0.0"
    isurl "^1.0.0-alpha5"
    tunnel-agent "^0.6.0"
    url-to-options "^1.0.1"

clone-response@1.0.2:
  version "1.0.2"
  resolved "https://registry.npm.taobao.org/clone-response/download/clone-response-1.0.2.tgz"
  integrity sha1-0dyXOSAxTfZ/vrlCI7TuNQI56Ws=
  dependencies:
    mimic-response "^1.0.0"

combined-stream@^1.0.6, combined-stream@~1.0.6:
  version "1.0.8"
  resolved "https://registry.npmjs.org/combined-stream/-/combined-stream-1.0.8.tgz"
  integrity sha512-FQN4MRfuJeHf7cBbBMJFXhKSDq+2kAArBlmRBvcvFE5BB1HZKXtSFASDhdlz9zOYwxh8lDdnvmMOe/+5cdoEdg==
  dependencies:
    delayed-stream "~1.0.0"

commander@^2.8.1:
  version "2.20.3"
  resolved "https://registry.npmjs.org/commander/-/commander-2.20.3.tgz"
  integrity sha512-GpVkmM8vF2vQUkj2LvZmD35JxeJOLCwJ9cUkugyk2nuhbv3+mJvpLYYt+0+USMxE+oj+ey/lJEnhZw75x/OMcQ==

config-chain@^1.1.11:
  version "1.1.12"
  resolved "https://registry.npm.taobao.org/config-chain/download/config-chain-1.1.12.tgz"
  integrity sha1-D96NCRIA616AjK8l/mGMAvSOTvo=
  dependencies:
    ini "^1.3.4"
    proto-list "~1.2.1"

content-disposition@^0.5.2:
  version "0.5.3"
  resolved "https://registry.npm.taobao.org/content-disposition/download/content-disposition-0.5.3.tgz"
  integrity sha1-4TDK9+cnkIfFYWwgB9BIVpiYT70=
  dependencies:
    safe-buffer "5.1.2"

core-util-is@1.0.2, core-util-is@~1.0.0:
  version "1.0.2"
  resolved "https://registry.npmjs.org/core-util-is/-/core-util-is-1.0.2.tgz"
  integrity "sha1-tf1UIgqivFq1eqtxQMlAdUUDwac= sha512-3lqz5YjWTYnW6dlDa5TLaTCcShfar1e40rmcJVwCBJC6mWlFuj0eCHIElmG1g5kyuJ/GD+8Wn4FFCcz4gJPfaQ=="

dashdash@^1.12.0:
  version "1.14.1"
  resolved "https://registry.npmjs.org/dashdash/-/dashdash-1.14.1.tgz"
  integrity "sha1-hTz6D3y+L+1d4gMmuN1YEDX24vA= sha512-jRFi8UDGo6j+odZiEpjazZaWqEal3w/basFjQHQEwVtZJGDpxbH1MeYluwCS8Xq5wmLJooDlMgvVarmWfGM44g=="
  dependencies:
    assert-plus "^1.0.0"

decode-uri-component@^0.2.0:
  version "0.2.0"
  resolved "https://registry.npm.taobao.org/decode-uri-component/download/decode-uri-component-0.2.0.tgz"
  integrity sha1-6zkTMzRYd1y4TNGh+uBiEGu4dUU=

decompress-response@^3.3.0:
  version "3.3.0"
  resolved "https://registry.npm.taobao.org/decompress-response/download/decompress-response-3.3.0.tgz"
  integrity sha1-gKTdMjdIOEv6JICDYirt7Jgq3/M=
  dependencies:
    mimic-response "^1.0.0"

decompress-tar@^4.0.0, decompress-tar@^4.1.0, decompress-tar@^4.1.1:
  version "4.1.1"
  resolved "https://registry.npmjs.org/decompress-tar/-/decompress-tar-4.1.1.tgz"
  integrity sha512-JdJMaCrGpB5fESVyxwpCx4Jdj2AagLmv3y58Qy4GE6HMVjWz1FeVQk1Ct4Kye7PftcdOo/7U7UKzYBJgqnGeUQ==
  dependencies:
    file-type "^5.2.0"
    is-stream "^1.1.0"
    tar-stream "^1.5.2"

decompress-tarbz2@^4.0.0:
  version "4.1.1"
  resolved "https://registry.npmjs.org/decompress-tarbz2/-/decompress-tarbz2-4.1.1.tgz"
  integrity sha512-s88xLzf1r81ICXLAVQVzaN6ZmX4A6U4z2nMbOwobxkLoIIfjVMBg7TeguTUXkKeXni795B6y5rnvDw7rxhAq9A==
  dependencies:
    decompress-tar "^4.1.0"
    file-type "^6.1.0"
    is-stream "^1.1.0"
    seek-bzip "^1.0.5"
    unbzip2-stream "^1.0.9"

decompress-targz@^4.0.0:
  version "4.1.1"
  resolved "https://registry.npmjs.org/decompress-targz/-/decompress-targz-4.1.1.tgz"
  integrity sha512-4z81Znfr6chWnRDNfFNqLwPvm4db3WuZkqV+UgXQzSngG3CEKdBkw5jrv3axjjL96glyiiKjsxJG3X6WBZwX3w==
  dependencies:
    decompress-tar "^4.1.1"
    file-type "^5.2.0"
    is-stream "^1.1.0"

decompress-unzip@^4.0.1:
  version "4.0.1"
  resolved "https://registry.npmjs.org/decompress-unzip/-/decompress-unzip-4.0.1.tgz"
  integrity "sha1-3qrM39FK6vhVePczroIQ+bSEj2k= sha512-1fqeluvxgnn86MOh66u8FjbtJpAFv5wgCT9Iw8rcBqQcCo5tO8eiJw7NNTrvt9n4CRBVq7CstiS922oPgyGLrw=="
  dependencies:
    file-type "^3.8.0"
    get-stream "^2.2.0"
    pify "^2.3.0"
    yauzl "^2.4.2"

decompress@^4.2.0:
  version "4.2.1"
  resolved "https://registry.npmjs.org/decompress/-/decompress-4.2.1.tgz"
  integrity sha512-e48kc2IjU+2Zw8cTb6VZcJQ3lgVbS4uuB1TfCHbiZIP/haNXm+SVyhu+87jts5/3ROpd82GSVCoNs/z8l4ZOaQ==
  dependencies:
    decompress-tar "^4.0.0"
    decompress-tarbz2 "^4.0.0"
    decompress-targz "^4.0.0"
    decompress-unzip "^4.0.1"
    graceful-fs "^4.1.10"
    make-dir "^1.0.0"
    pify "^2.3.0"
    strip-dirs "^2.0.0"

delayed-stream@~1.0.0:
  version "1.0.0"
  resolved "https://registry.npmjs.org/delayed-stream/-/delayed-stream-1.0.0.tgz"
  integrity "sha1-3zrhmayt+31ECqrgsp4icrJOxhk= sha512-ZySD7Nf91aLB0RxL4KGrKHBXl7Eds1DAmEdcoVawXnLD7SDhpNgtuII2aAkg7a7QS41jxPSZ17p4VdGnMHk3MQ=="

download@^7.1.0:
  version "7.1.0"
  resolved "https://registry.npm.taobao.org/download/download/download-7.1.0.tgz"
  integrity sha1-kFmqnXC1A+52oTKJe+beyOVYcjM=
  dependencies:
    archive-type "^4.0.0"
    caw "^2.0.1"
    content-disposition "^0.5.2"
    decompress "^4.2.0"
    ext-name "^5.0.0"
    file-type "^8.1.0"
    filenamify "^2.0.0"
    get-stream "^3.0.0"
    got "^8.3.1"
    make-dir "^1.2.0"
    p-event "^2.1.0"
    pify "^3.0.0"

duplexer3@^0.1.4:
  version "0.1.4"
  resolved "https://registry.npm.taobao.org/duplexer3/download/duplexer3-0.1.4.tgz"
  integrity sha1-7gHdHKwO08vH/b6jfcCo8c4ALOI=

ecc-jsbn@~0.1.1:
  version "0.1.2"
  resolved "https://registry.npmjs.org/ecc-jsbn/-/ecc-jsbn-0.1.2.tgz"
  integrity "sha1-OoOpBOVDUyh4dMVkt1SThoSamMk= sha512-eh9O+hwRHNbG4BLTjEl3nw044CkGm5X6LoaCf7LPp7UU8Qrt47JYNi6nPX8xjW97TKGKm1ouctg0QSpZe9qrnw=="
  dependencies:
    jsbn "~0.1.0"
    safer-buffer "^2.1.0"

end-of-stream@^1.0.0:
  version "1.4.4"
  resolved "https://registry.npmjs.org/end-of-stream/-/end-of-stream-1.4.4.tgz"
  integrity sha512-+uw1inIHVPQoaVuHzRyXd21icM+cnt4CzD5rW+NC1wjOUSTOs+Te7FOv7AhN7vS9x/oIyhLP5PR1H+phQAHu5Q==
  dependencies:
    once "^1.4.0"

escape-string-regexp@^1.0.2:
  version "1.0.5"
  resolved "https://registry.npm.taobao.org/escape-string-regexp/download/escape-string-regexp-1.0.5.tgz"
  integrity sha1-G2HAViGQqN/2rjuyzwIAyhMLhtQ=

ext-list@^2.0.0:
  version "2.2.2"
  resolved "https://registry.npm.taobao.org/ext-list/download/ext-list-2.2.2.tgz"
  integrity sha1-C5jmTtgvWs8PKTG6v2khLvUt3Tc=
  dependencies:
    mime-db "^1.28.0"

ext-name@^5.0.0:
  version "5.0.0"
  resolved "https://registry.npm.taobao.org/ext-name/download/ext-name-5.0.0.tgz"
  integrity sha1-cHgZgdGD7hXROZPIgiBFxQbI8KY=
  dependencies:
    ext-list "^2.0.0"
    sort-keys-length "^1.0.0"

extend@~3.0.2:
  version "3.0.2"
  resolved "https://registry.npmjs.org/extend/-/extend-3.0.2.tgz"
  integrity sha512-fjquC59cD7CyW6urNXK0FBufkZcoiGG80wTuPujX590cB5Ttln20E2UB4S/WARVqhXffZl2LNgS+gQdPIIim/g==

extsprintf@1.3.0, extsprintf@^1.2.0:
  version "1.3.0"
  resolved "https://registry.npmjs.org/extsprintf/-/extsprintf-1.3.0.tgz"
  integrity "sha1-lpGEQOMEGnpBT4xS48V06zw+HgU= sha512-11Ndz7Nv+mvAC1j0ktTa7fAb0vLyGGX+rMHNBYQviQDGU0Hw7lhctJANqbPhu9nV9/izT/IntTgZ7Im/9LJs9g=="

fast-deep-equal@^2.0.1:
  version "2.0.1"
  resolved "https://registry.npmjs.org/fast-deep-equal/-/fast-deep-equal-2.0.1.tgz"
  integrity "sha1-ewUhjd+WZ79/Nwv3/bLLFf3Qqkk= sha512-bCK/2Z4zLidyB4ReuIsvALH6w31YfAQDmXMqMx6FyfHqvBxtjC0eRumeSu4Bs3XtXwpyIywtSTrVT99BxY1f9w=="

fast-json-stable-stringify@^2.0.0:
  version "2.1.0"
  resolved "https://registry.npmjs.org/fast-json-stable-stringify/-/fast-json-stable-stringify-2.1.0.tgz"
  integrity sha512-lhd/wF+Lk98HZoTCtlVraHtfh5XYijIjalXck7saUtuanSDyLMxnHhSXEDJqHxD7msR8D0uCmqlkwjCV8xvwHw==

fd-slicer@~1.1.0:
  version "1.1.0"
  resolved "https://registry.npmjs.org/fd-slicer/-/fd-slicer-1.1.0.tgz"
  integrity "sha1-JcfInLH5B3+IkbvmHY85Dq4lbx4= sha512-cE1qsB/VwyQozZ+q1dGxR8LBYNZeofhEdUNGSMbQD3Gw2lAzX9Zb3uIU6Ebc/Fmyjo9AWWfnn0AUCHqtevs/8g=="
  dependencies:
    pend "~1.2.0"

file-type@^3.8.0:
  version "3.9.0"
  resolved "https://registry.npmjs.org/file-type/-/file-type-3.9.0.tgz"
  integrity "sha1-JXoHg4TR24CHvESdEH1SpSZyuek= sha512-RLoqTXE8/vPmMuTI88DAzhMYC99I8BWv7zYP4A1puo5HIjEJ5EX48ighy4ZyKMG9EDXxBgW6e++cn7d1xuFghA=="

file-type@^4.2.0:
  version "4.4.0"
  resolved "https://registry.npm.taobao.org/file-type/download/file-type-4.4.0.tgz?cache=0&other_urls=https%3A%2F%2Fregistry.npm.taobao.org%2Ffile-type%2Fdownload%2Ffile-type-4.4.0.tgz"
  integrity sha1-G2AOX8ofvcboDApwxxyNul95BsU=

file-type@^5.2.0:
  version "5.2.0"
  resolved "https://registry.npmjs.org/file-type/-/file-type-5.2.0.tgz"
  integrity "sha1-LdvqfHP/42No365J3DOMBYwritY= sha512-Iq1nJ6D2+yIO4c8HHg4fyVb8mAJieo1Oloy1mLLaB2PvezNedhBVm+QU7g0qM42aiMbRXTxKKwGD17rjKNJYVQ=="

file-type@^6.1.0:
  version "6.2.0"
  resolved "https://registry.npmjs.org/file-type/-/file-type-6.2.0.tgz"
  integrity sha512-YPcTBDV+2Tm0VqjybVd32MHdlEGAtuxS3VAYsumFokDSMG+ROT5wawGlnHDoz7bfMcMDt9hxuXvXwoKUx2fkOg==

file-type@^8.1.0:
  version "8.1.0"
  resolved "https://registry.npm.taobao.org/file-type/download/file-type-8.1.0.tgz?cache=0&other_urls=https%3A%2F%2Fregistry.npm.taobao.org%2Ffile-type%2Fdownload%2Ffile-type-8.1.0.tgz"
  integrity sha1-JE87fvZBu+DMoZbHJ25LMyOZ9ow=

filename-reserved-regex@^2.0.0:
  version "2.0.0"
  resolved "https://registry.npm.taobao.org/filename-reserved-regex/download/filename-reserved-regex-2.0.0.tgz"
  integrity sha1-q/c9+rc10EVECr/qLZHzieu/oik=

filenamify@^2.0.0:
  version "2.1.0"
  resolved "https://registry.npm.taobao.org/filenamify/download/filenamify-2.1.0.tgz"
  integrity sha1-iPr0lfsbR6v9YSMAACoWIoxnfuk=
  dependencies:
    filename-reserved-regex "^2.0.0"
    strip-outer "^1.0.0"
    trim-repeated "^1.0.0"

follow-redirects@^1.14.0:
  version "1.14.4"
  resolved "https://registry.npmjs.org/follow-redirects/-/follow-redirects-1.14.4.tgz"
  integrity sha512-zwGkiSXC1MUJG/qmeIFH2HBJx9u0V46QGUe3YR1fXG8bXQxq7fLj0RjLZQ5nubr9qNJUZrH+xUcwXEoXNpfS+g==

forever-agent@~0.6.1:
  version "0.6.1"
  resolved "https://registry.npmjs.org/forever-agent/-/forever-agent-0.6.1.tgz"
  integrity "sha1-+8cfDEGt6zf5bFd60e1C2P2sypE= sha512-j0KLYPhm6zeac4lz3oJ3o65qvgQCcPubiyotZrXqEaG4hNagNYO8qdlUrX5vwqv9ohqeT/Z3j6+yW067yWWdUw=="

form-data@~2.3.2:
  version "2.3.3"
  resolved "https://registry.npmjs.org/form-data/-/form-data-2.3.3.tgz"
  integrity sha512-1lLKB2Mu3aGP1Q/2eCOx0fNbRMe7XdwktwOruhfqqd0rIJWwN4Dh+E3hrPSlDCXnSR7UtZ1N38rVXm+6+MEhJQ==
  dependencies:
    asynckit "^0.4.0"
    combined-stream "^1.0.6"
    mime-types "^2.1.12"

from2@^2.1.1:
  version "2.3.0"
  resolved "https://registry.npm.taobao.org/from2/download/from2-2.3.0.tgz"
  integrity sha1-i/tVAr3kpNNs/e6gB/zKIdfjgq8=
  dependencies:
    inherits "^2.0.1"
    readable-stream "^2.0.0"

fs-constants@^1.0.0:
  version "1.0.0"
  resolved "https://registry.npmjs.org/fs-constants/-/fs-constants-1.0.0.tgz"
  integrity sha512-y6OAwoSIf7FyjMIv94u+b5rdheZEjzR63GTyZJm5qh4Bi+2YgwLCcI/fPFZkL5PSixOt6ZNKm+w+Hfp/Bciwow==

fs-extra@^11.2.0:
  version "11.2.0"
  resolved "https://registry.npmjs.org/fs-extra/-/fs-extra-11.2.0.tgz"
  integrity sha512-PmDi3uwK5nFuXh7XDTlVnS17xJS7vW36is2+w3xcv8SVxiB4NyATf4ctkVY5bkSjX0Y4nbvZCq1/EjtEyr9ktw==
  dependencies:
    graceful-fs "^4.2.0"
    jsonfile "^6.0.1"
    universalify "^2.0.0"

get-proxy@^2.0.0:
  version "2.1.0"
  resolved "https://registry.npm.taobao.org/get-proxy/download/get-proxy-2.1.0.tgz"
  integrity sha1-NJ8rTZHUTE1NTpy6KtkBQ/rF75M=
  dependencies:
    npm-conf "^1.1.0"

get-stream@3.0.0, get-stream@^3.0.0:
  version "3.0.0"
  resolved "https://registry.npm.taobao.org/get-stream/download/get-stream-3.0.0.tgz"
  integrity sha1-jpQ9E1jcN1VQVOy+LtsFqhdO3hQ=

get-stream@^2.2.0:
  version "2.3.1"
  resolved "https://registry.npmjs.org/get-stream/-/get-stream-2.3.1.tgz"
  integrity "sha1-Xzj5PzRgCWZu4BUKBUFn+Rvdld4= sha512-AUGhbbemXxrZJRD5cDvKtQxLuYaIbNtDTK8YqupCI393Q2KSTreEsLUN3ZxAWFGiKTzL6nKuzfcIvieflUX9qA=="
  dependencies:
    object-assign "^4.0.1"
    pinkie-promise "^2.0.0"

getpass@^0.1.1:
  version "0.1.7"
  resolved "https://registry.npmjs.org/getpass/-/getpass-0.1.7.tgz"
  integrity "sha1-Xv+OPmhNVprkyysSgmBOi6YhSfo= sha512-0fzj9JxOLfJ+XGLhR8ze3unN0KZCgZwiSSDz168VERjK8Wl8kVSdcu2kspd4s4wtAa1y/qrVRiAA0WclVsu0ng=="
  dependencies:
    assert-plus "^1.0.0"

got@^8.3.1:
  version "8.3.2"
  resolved "https://registry.npm.taobao.org/got/download/got-8.3.2.tgz"
  integrity sha1-HSP2Q5Dpf3dsrFLluTbl9RTS6Tc=
  dependencies:
    "@sindresorhus/is" "^0.7.0"
    cacheable-request "^2.1.1"
    decompress-response "^3.3.0"
    duplexer3 "^0.1.4"
    get-stream "^3.0.0"
    into-stream "^3.1.0"
    is-retry-allowed "^1.1.0"
    isurl "^1.0.0-alpha5"
    lowercase-keys "^1.0.0"
    mimic-response "^1.0.0"
    p-cancelable "^0.4.0"
    p-timeout "^2.0.1"
    pify "^3.0.0"
    safe-buffer "^5.1.1"
    timed-out "^4.0.1"
    url-parse-lax "^3.0.0"
    url-to-options "^1.0.1"

graceful-fs@^4.1.10, graceful-fs@^4.1.6, graceful-fs@^4.2.0:
  version "4.2.4"
  resolved "https://registry.npmjs.org/graceful-fs/-/graceful-fs-4.2.4.tgz"
  integrity sha512-WjKPNJF79dtJAVniUlGGWHYGz2jWxT6VhN/4m1NdkbZ2nOsEF+cI1Edgql5zCRhs/VsQYRvrXctxktVXZUkixw==

har-schema@^2.0.0:
  version "2.0.0"
  resolved "https://registry.npmjs.org/har-schema/-/har-schema-2.0.0.tgz"
  integrity "sha1-qUwiJOvKwEeCoNkDVSHyRzW37JI= sha512-Oqluz6zhGX8cyRaTQlFMPw80bSJVG2x/cFb8ZPhUILGgHka9SsokCCOQgpveePerqidZOrT14ipqfJb7ILcW5Q=="

har-validator@~5.1.0:
  version "5.1.3"
  resolved "https://registry.npmjs.org/har-validator/-/har-validator-5.1.3.tgz"
  integrity sha512-sNvOCzEQNr/qrvJgc3UG/kD4QtlHycrzwS+6mfTrrSq97BvaYcPZZI1ZSqGSPR73Cxn4LKTD4PttRwfU7jWq5g==
  dependencies:
    ajv "^6.5.5"
    har-schema "^2.0.0"

has-symbol-support-x@^1.4.1:
  version "1.4.2"
  resolved "https://registry.npm.taobao.org/has-symbol-support-x/download/has-symbol-support-x-1.4.2.tgz"
  integrity sha1-FAn5i8ACR9pF2mfO4KNvKC/yZFU=

has-to-string-tag-x@^1.2.0:
  version "1.4.1"
  resolved "https://registry.npm.taobao.org/has-to-string-tag-x/download/has-to-string-tag-x-1.4.1.tgz"
  integrity sha1-oEWrOD17SyASoAFIqwql8pAETU0=
  dependencies:
    has-symbol-support-x "^1.4.1"

http-cache-semantics@3.8.1:
  version "3.8.1"
  resolved "https://registry.npm.taobao.org/http-cache-semantics/download/http-cache-semantics-3.8.1.tgz"
  integrity sha1-ObDhat2bYFvwqe89nar0hDtMrNI=

http-signature@~1.2.0:
  version "1.2.0"
  resolved "https://registry.npmjs.org/http-signature/-/http-signature-1.2.0.tgz"
  integrity "sha1-muzZJRFHcvPZW2WmCruPfBj7rOE= sha512-CAbnr6Rz4CYQkLYUtSNXxQPUH2gK8f3iWexVlsnMeD+GjlsQ0Xsy1cOX+mN3dtxYomRy21CiOzU8Uhw6OwncEQ=="
  dependencies:
    assert-plus "^1.0.0"
    jsprim "^1.2.2"
    sshpk "^1.7.0"

ieee754@^1.1.4:
  version "1.1.13"
  resolved "https://registry.npmjs.org/ieee754/-/ieee754-1.1.13.tgz"
  integrity sha512-4vf7I2LYV/HaWerSo3XmlMkp5eZ83i+/CDluXi/IGTs/O1sejBNhTtnxzmRZfvOUqj7lZjqHkeTvpgSFDlWZTg==

inherits@^2.0.1, inherits@~2.0.3:
  version "2.0.4"
  resolved "https://registry.npm.taobao.org/inherits/download/inherits-2.0.4.tgz"
  integrity sha1-D6LGT5MpF8NDOg3tVTY6rjdBa3w=

ini@^1.3.4:
  version "1.3.8"
  resolved "https://registry.npmjs.org/ini/-/ini-1.3.8.tgz"
  integrity sha512-JV/yugV2uzW5iMRSiZAyDtQd+nxtUnjeLt0acNdw98kKLrvuRVyB80tsREOE7yvGVgalhZ6RNXCmEHkUKBKxew==

into-stream@^3.1.0:
  version "3.1.0"
  resolved "https://registry.npm.taobao.org/into-stream/download/into-stream-3.1.0.tgz"
  integrity sha1-lvsKk2wSur1v8XUqF9BWFqvQlMY=
  dependencies:
    from2 "^2.1.1"
    p-is-promise "^1.1.0"

is-natural-number@^4.0.1:
  version "4.0.1"
  resolved "https://registry.npmjs.org/is-natural-number/-/is-natural-number-4.0.1.tgz"
  integrity "sha1-q5124dtM7VHjXeDHLr7PCfc0zeg= sha512-Y4LTamMe0DDQIIAlaer9eKebAlDSV6huy+TWhJVPlzZh2o4tRP5SQWFlLn5N0To4mDD22/qdOq+veo1cSISLgQ=="

is-object@^1.0.1:
  version "1.0.1"
  resolved "https://registry.npm.taobao.org/is-object/download/is-object-1.0.1.tgz"
  integrity sha1-iVJojF7C/9awPsyF52ngKQMINHA=

is-plain-obj@^1.0.0:
  version "1.1.0"
  resolved "https://registry.npm.taobao.org/is-plain-obj/download/is-plain-obj-1.1.0.tgz"
  integrity sha1-caUMhCnfync8kqOQpKA7OfzVHT4=

is-retry-allowed@^1.1.0:
  version "1.2.0"
  resolved "https://registry.npm.taobao.org/is-retry-allowed/download/is-retry-allowed-1.2.0.tgz"
  integrity sha1-13hIi9CkZmo76KFIK58rqv7eqLQ=

is-stream@^1.1.0:
  version "1.1.0"
  resolved "https://registry.npmjs.org/is-stream/-/is-stream-1.1.0.tgz"
  integrity "sha1-EtSj3U5o4Lec6428hBc66A2RykQ= sha512-uQPm8kcs47jx38atAcWTVxyltQYoPT68y9aWYdV6yWXSyW8mzSat0TL6CiWdZeCdF3KrAvpVtnHbTv4RN+rqdQ=="

is-typedarray@~1.0.0:
  version "1.0.0"
  resolved "https://registry.npmjs.org/is-typedarray/-/is-typedarray-1.0.0.tgz"
  integrity "sha1-5HnICFjfDBsR3dppQPlgEfzaSpo= sha512-cyA56iCMHAh5CdzjJIa4aohJyeO1YbwLi3Jc35MmRU6poroFjIGZzUzupGiRPOjgHg9TLu43xbpwXk523fMxKA=="

isarray@~1.0.0:
  version "1.0.0"
  resolved "https://registry.npmjs.org/isarray/-/isarray-1.0.0.tgz"
  integrity "sha1-u5NdSFgsuhaMBoNJV6VKPgcSTxE= sha512-VLghIWNM6ELQzo7zwmcg0NmTVyWKYjvIeM83yjp0wRDTmUnrM678fQbcKBo6n2CJEF0szoG//ytg+TKla89ALQ=="

isstream@~0.1.2:
  version "0.1.2"
  resolved "https://registry.npmjs.org/isstream/-/isstream-0.1.2.tgz"
  integrity "sha1-R+Y/evVa+m+S4VAOaQ64uFKcCZo= sha512-Yljz7ffyPbrLpLngrMtZ7NduUgVvi6wG9RJ9IUcyCd59YQ911PBJphODUcbOVbqYfxe1wuYf/LJ8PauMRwsM/g=="

isurl@^1.0.0-alpha5:
  version "1.0.0"
  resolved "https://registry.npm.taobao.org/isurl/download/isurl-1.0.0.tgz?cache=0&sync_timestamp=1575355254552&other_urls=https%3A%2F%2Fregistry.npm.taobao.org%2Fisurl%2Fdownload%2Fisurl-1.0.0.tgz"
  integrity sha1-sn9PSfPNqj6kSgpbfzRi5u3DnWc=
  dependencies:
    has-to-string-tag-x "^1.2.0"
    is-object "^1.0.1"

jsbn@~0.1.0:
  version "0.1.1"
  resolved "https://registry.npmjs.org/jsbn/-/jsbn-0.1.1.tgz"
  integrity "sha1-peZUwuWi3rXyAdls77yoDA7y9RM= sha512-UVU9dibq2JcFWxQPA6KCqj5O42VOmAY3zQUfEKxU0KpTGXwNoCjkX1e13eHNvw/xPynt6pU0rZ1htjWTNTSXsg=="

json-buffer@3.0.0:
  version "3.0.0"
  resolved "https://registry.npm.taobao.org/json-buffer/download/json-buffer-3.0.0.tgz"
  integrity sha1-Wx85evx11ne96Lz8Dkfh+aPZqJg=

json-schema-traverse@^0.4.1:
  version "0.4.1"
  resolved "https://registry.npmjs.org/json-schema-traverse/-/json-schema-traverse-0.4.1.tgz"
  integrity sha512-xbbCH5dCYU5T8LcEhhuh7HJ88HXuW3qsI3Y0zOZFKfZEHcpWiHU/Jxzk629Brsab/mMiHQti9wMP+845RPe3Vg==

json-schema@0.2.3:
  version "0.2.3"
  resolved "https://registry.npmjs.org/json-schema/-/json-schema-0.2.3.tgz"
  integrity "sha1-tIDIkuWaLwWVTOcnvT8qTogvnhM= sha512-a3xHnILGMtk+hDOqNwHzF6e2fNbiMrXZvxKQiEv2MlgQP+pjIOzqAmKYD2mDpXYE/44M7g+n9p2bKkYWDUcXCQ=="

json-stringify-safe@~5.0.1:
  version "5.0.1"
  resolved "https://registry.npmjs.org/json-stringify-safe/-/json-stringify-safe-5.0.1.tgz"
  integrity "sha1-Epai1Y/UXxmg9s4B1lcB4sc1tus= sha512-ZClg6AaYvamvYEE82d3Iyd3vSSIjQ+odgjaTzRuO3s7toCdFKczob2i0zCh7JE8kWn17yvAWhUVxvqGwUalsRA=="

jsonfile@^6.0.1:
  version "6.1.0"
  resolved "https://registry.npmjs.org/jsonfile/-/jsonfile-6.1.0.tgz"
  integrity sha512-5dgndWOriYSm5cnYaJNhalLNDKOqFwyDB/rr1E9ZsGciGvKPs8R2xYGCacuf3z6K1YKDz182fd+fY3cn3pMqXQ==
  dependencies:
    universalify "^2.0.0"
  optionalDependencies:
    graceful-fs "^4.1.6"

jsprim@^1.2.2:
  version "1.4.1"
  resolved "https://registry.npmjs.org/jsprim/-/jsprim-1.4.1.tgz"
  integrity "sha1-MT5mvB5cwG5Di8G3SZwuXFastqI= sha512-4Dj8Rf+fQ+/Pn7C5qeEX02op1WfOss3PKTE9Nsop3Dx+6UPxlm1dr/og7o2cRa5hNN07CACr4NFzRLtj/rjWog=="
  dependencies:
    assert-plus "1.0.0"
    extsprintf "1.3.0"
    json-schema "0.2.3"
    verror "1.10.0"

keyv@3.0.0:
  version "3.0.0"
  resolved "https://registry.npm.taobao.org/keyv/download/keyv-3.0.0.tgz?cache=0&sync_timestamp=1573883570656&other_urls=https%3A%2F%2Fregistry.npm.taobao.org%2Fkeyv%2Fdownload%2Fkeyv-3.0.0.tgz"
  integrity sha1-RJI7o55osSp87H32wyaMAx8u83M=
  dependencies:
    json-buffer "3.0.0"

lowercase-keys@1.0.0:
  version "1.0.0"
  resolved "https://registry.npm.taobao.org/lowercase-keys/download/lowercase-keys-1.0.0.tgz"
  integrity sha1-TjNms55/VFfjXxMkvfb4jQv8cwY=

lowercase-keys@^1.0.0:
  version "1.0.1"
  resolved "https://registry.npm.taobao.org/lowercase-keys/download/lowercase-keys-1.0.1.tgz"
  integrity sha1-b54wtHCE2XGnyCD/FabFFnt0wm8=

make-dir@^1.0.0, make-dir@^1.2.0:
  version "1.3.0"
  resolved "https://registry.npm.taobao.org/make-dir/download/make-dir-1.3.0.tgz"
  integrity sha1-ecEDO4BRW9bSTsmTPoYMp17ifww=
  dependencies:
    pify "^3.0.0"

mime-db@1.42.0, mime-db@^1.28.0:
  version "1.42.0"
  resolved "https://registry.npmjs.org/mime-db/-/mime-db-1.42.0.tgz"
  integrity sha512-UbfJCR4UAVRNgMpfImz05smAXK7+c+ZntjaA26ANtkXLlOe947Aag5zdIcKQULAiF9Cq4WxBi9jUs5zkA84bYQ==

mime-types@^2.1.12, mime-types@~2.1.19:
  version "2.1.25"
  resolved "https://registry.npmjs.org/mime-types/-/mime-types-2.1.25.tgz"
  integrity sha512-5KhStqB5xpTAeGqKBAMgwaYMnQik7teQN4IAzC7npDv6kzeU6prfkR67bc87J1kWMPGkoaZSq1npmexMgkmEVg==
  dependencies:
    mime-db "1.42.0"

mimic-response@^1.0.0:
  version "1.0.1"
  resolved "https://registry.npm.taobao.org/mimic-response/download/mimic-response-1.0.1.tgz"
  integrity sha1-SSNTiHju9CBjy4o+OweYeBSHqxs=

normalize-url@2.0.1:
  version "2.0.1"
  resolved "https://registry.npm.taobao.org/normalize-url/download/normalize-url-2.0.1.tgz"
  integrity sha1-g1qdoVUfom9w6SMpBpojqmV01+Y=
  dependencies:
    prepend-http "^2.0.0"
    query-string "^5.0.1"
    sort-keys "^2.0.0"

npm-conf@^1.1.0:
  version "1.1.3"
  resolved "https://registry.npm.taobao.org/npm-conf/download/npm-conf-1.1.3.tgz"
  integrity sha1-JWzEe9DiGMJZxOlVC/QTvCGSr/k=
  dependencies:
    config-chain "^1.1.11"
    pify "^3.0.0"

oauth-sign@~0.9.0:
  version "0.9.0"
  resolved "https://registry.npmjs.org/oauth-sign/-/oauth-sign-0.9.0.tgz"
  integrity sha512-fexhUFFPTGV8ybAtSIGbV6gOkSv8UtRbDBnAyLQw4QPKkgNlsH2ByPGtMUqdWkos6YCRmAqViwgZrJc/mRDzZQ==

object-assign@^4.0.1, object-assign@^4.1.0:
  version "4.1.1"
  resolved "https://registry.npmjs.org/object-assign/-/object-assign-4.1.1.tgz"
  integrity "sha1-IQmtx5ZYh8/AXLvUQsrIv7s2CGM= sha512-rJgTQnkUnH1sFw8yT6VSU3zD3sWmu6sZhIseY8VX+GRu3P6F7Fu+JNDoXfklElbLJSnc3FUQHVe4cU5hj+BcUg=="

once@^1.4.0:
  version "1.4.0"
  resolved "https://registry.npmjs.org/once/-/once-1.4.0.tgz"
  integrity "sha1-WDsap3WWHUsROsF9nFC6753Xa9E= sha512-lNaJgI+2Q5URQBkccEKHTQOPaXdUxnZZElQTZY0MFUAuaEqe1E+Nyvgdz/aIyNi6Z9MzO5dv1H8n58/GELp3+w=="
  dependencies:
    wrappy "1"

p-cancelable@^0.4.0:
  version "0.4.1"
  resolved "https://registry.npm.taobao.org/p-cancelable/download/p-cancelable-0.4.1.tgz"
  integrity sha1-NfNj1n1SCByNlYXje8zrfgu8sqA=

p-event@^2.1.0:
  version "2.3.1"
  resolved "https://registry.npm.taobao.org/p-event/download/p-event-2.3.1.tgz"
  integrity sha1-WWJ57xaassPgyuiMHPuwgHmZPvY=
  dependencies:
    p-timeout "^2.0.1"

p-finally@^1.0.0:
  version "1.0.0"
  resolved "https://registry.npm.taobao.org/p-finally/download/p-finally-1.0.0.tgz"
  integrity sha1-P7z7FbiZpEEjs0ttzBi3JDNqLK4=

p-is-promise@^1.1.0:
  version "1.1.0"
  resolved "https://registry.npm.taobao.org/p-is-promise/download/p-is-promise-1.1.0.tgz"
  integrity sha1-nJRWmJ6fZYgBewQ01WCXZ1w9oF4=

p-timeout@^2.0.1:
  version "2.0.1"
  resolved "https://registry.npm.taobao.org/p-timeout/download/p-timeout-2.0.1.tgz"
  integrity sha1-2N0ZeVldLcATnh/ka4tkbLPN8Dg=
  dependencies:
    p-finally "^1.0.0"

pend@~1.2.0:
  version "1.2.0"
  resolved "https://registry.npmjs.org/pend/-/pend-1.2.0.tgz"
  integrity "sha1-elfrVQpng/kRUzH89GY9XI4AelA= sha512-F3asv42UuXchdzt+xXqfW1OGlVBe+mxa2mqI0pg5yAHZPvFmY3Y6drSf/GQ1A86WgWEN9Kzh/WrgKa6iGcHXLg=="

performance-now@^2.1.0:
  version "2.1.0"
  resolved "https://registry.npmjs.org/performance-now/-/performance-now-2.1.0.tgz"
  integrity "sha1-Ywn04OX6kT7BxpMHrjZLSzd8nns= sha512-7EAHlyLHI56VEIdK57uwHdHKIaAGbnXPiw0yWbarQZOKaKpvUIgW0jWRVLiatnM+XXlSwsanIBH/hzGMJulMow=="

pify@^2.3.0:
  version "2.3.0"
  resolved "https://registry.npmjs.org/pify/-/pify-2.3.0.tgz"
  integrity "sha1-7RQaasBDqEnqWISY59yosVMw6Qw= sha512-udgsAY+fTnvv7kI7aaxbqwWNb0AHiB0qBO89PZKPkoTmGOgdbrHDKD+0B2X4uTfJ/FT1R09r9gTsjUjNJotuog=="

pify@^3.0.0:
  version "3.0.0"
  resolved "https://registry.npmjs.org/pify/-/pify-3.0.0.tgz"
  integrity "sha1-5aSs0sEB/fPZpNB/DbxNtJ3SgXY= sha512-C3FsVNH1udSEX48gGX1xfvwTWfsYWj5U+8/uK15BGzIGrKoUpghX8hWZwa/OFnakBiiVNmBvemTJR5mcy7iPcg=="

pinkie-promise@^2.0.0:
  version "2.0.1"
  resolved "https://registry.npmjs.org/pinkie-promise/-/pinkie-promise-2.0.1.tgz"
  integrity "sha1-ITXW36ejWMBprJsXh3YogihFD/o= sha512-0Gni6D4UcLTbv9c57DfxDGdr41XfgUjqWZu492f0cIGr16zDU06BWP/RAEvOuo7CQ0CNjHaLlM59YJJFm3NWlw=="
  dependencies:
    pinkie "^2.0.0"

pinkie@^2.0.0:
  version "2.0.4"
  resolved "https://registry.npmjs.org/pinkie/-/pinkie-2.0.4.tgz"
  integrity "sha1-clVrgM+g1IqXToDnckjoDtT3+HA= sha512-MnUuEycAemtSaeFSjXKW/aroV7akBbY+Sv+RkyqFjgAe73F+MR0TBWKBRDkmfWq/HiFmdavfZ1G7h4SPZXaCSg=="

prepend-http@^2.0.0:
  version "2.0.0"
  resolved "https://registry.npm.taobao.org/prepend-http/download/prepend-http-2.0.0.tgz"
  integrity sha1-6SQ0v6XqjBn0HN/UAddBo8gZ2Jc=

process-nextick-args@~2.0.0:
  version "2.0.1"
  resolved "https://registry.npmjs.org/process-nextick-args/-/process-nextick-args-2.0.1.tgz"
  integrity sha512-3ouUOpQhtgrbOa17J7+uxOTpITYWaGP7/AhoR3+A+/1e9skrzelGi/dXzEYyvbxubEF6Wn2ypscTKiKJFFn1ag==

proto-list@~1.2.1:
  version "1.2.4"
  resolved "https://registry.npm.taobao.org/proto-list/download/proto-list-1.2.4.tgz"
  integrity sha1-IS1b/hMYMGpCD2QCuOJv85ZHqEk=

psl@^1.1.24:
  version "1.7.0"
  resolved "https://registry.npmjs.org/psl/-/psl-1.7.0.tgz"
  integrity sha512-5NsSEDv8zY70ScRnOTn7bK7eanl2MvFrOrS/R6x+dBt5g1ghnj9Zv90kO8GwT8gxcu2ANyFprnFYB85IogIJOQ==

punycode@^1.4.1:
  version "1.4.1"
  resolved "https://registry.npmjs.org/punycode/-/punycode-1.4.1.tgz"
  integrity "sha1-wNWmOycYgArY4esPpSachN1BhF4= sha512-jmYNElW7yvO7TV33CjSmvSiE2yco3bV2czu/OzDKdMNVZQWfxCblURLhf+47syQRBntjfLdd/H0egrzIG+oaFQ=="

punycode@^2.1.0:
  version "2.1.1"
  resolved "https://registry.npmjs.org/punycode/-/punycode-2.1.1.tgz"
  integrity sha512-XRsRjdf+j5ml+y/6GKHPZbrF/8p2Yga0JPtdqTIY2Xe5ohJPD9saDJJLPvp9+NSBprVvevdXZybnj2cv8OEd0A==

qs@~6.5.2:
  version "6.5.2"
  resolved "https://registry.npmjs.org/qs/-/qs-6.5.2.tgz"
  integrity sha512-N5ZAX4/LxJmF+7wN74pUD6qAh9/wnvdQcjq9TZjevvXzSUo7bfmw91saqMjzGS2xq91/odN2dW/WOl7qQHNDGA==

query-string@^5.0.1:
  version "5.1.1"
  resolved "https://registry.npm.taobao.org/query-string/download/query-string-5.1.1.tgz"
  integrity sha1-p4wBK3HBfgXy4/ojGd0zBoLvs8s=
  dependencies:
    decode-uri-component "^0.2.0"
    object-assign "^4.1.0"
    strict-uri-encode "^1.0.0"

readable-stream@^2.0.0, readable-stream@^2.3.0, readable-stream@^2.3.5:
  version "2.3.6"
  resolved "https://registry.npm.taobao.org/readable-stream/download/readable-stream-2.3.6.tgz"
  integrity sha1-sRwn2IuP8fvgcGQ8+UsMea4bCq8=
  dependencies:
    core-util-is "~1.0.0"
    inherits "~2.0.3"
    isarray "~1.0.0"
    process-nextick-args "~2.0.0"
    safe-buffer "~5.1.1"
    string_decoder "~1.1.1"
    util-deprecate "~1.0.1"

request@^2.88.0:
  version "2.88.0"
  resolved "https://registry.npmjs.org/request/-/request-2.88.0.tgz"
  integrity sha512-NAqBSrijGLZdM0WZNsInLJpkJokL72XYjUpnB0iwsRgxh7dB6COrHnTBNwN0E+lHDAJzu7kLAkDeY08z2/A0hg==
  dependencies:
    aws-sign2 "~0.7.0"
    aws4 "^1.8.0"
    caseless "~0.12.0"
    combined-stream "~1.0.6"
    extend "~3.0.2"
    forever-agent "~0.6.1"
    form-data "~2.3.2"
    har-validator "~5.1.0"
    http-signature "~1.2.0"
    is-typedarray "~1.0.0"
    isstream "~0.1.2"
    json-stringify-safe "~5.0.1"
    mime-types "~2.1.19"
    oauth-sign "~0.9.0"
    performance-now "^2.1.0"
    qs "~6.5.2"
    safe-buffer "^5.1.2"
    tough-cookie "~2.4.3"
    tunnel-agent "^0.6.0"
    uuid "^3.3.2"

responselike@1.0.2:
  version "1.0.2"
  resolved "https://registry.npm.taobao.org/responselike/download/responselike-1.0.2.tgz"
  integrity sha1-kYcg7ztjHFZCvgaPFa3lpG9Loec=
  dependencies:
    lowercase-keys "^1.0.0"

safe-buffer@5.1.2, safe-buffer@^5.0.1, safe-buffer@^5.1.1, safe-buffer@^5.1.2, safe-buffer@~5.1.0, safe-buffer@~5.1.1:
  version "5.1.2"
  resolved "https://registry.npm.taobao.org/safe-buffer/download/safe-buffer-5.1.2.tgz"
  integrity sha1-mR7GnSluAxN0fVm9/St0XDX4go0=

safer-buffer@^2.0.2, safer-buffer@^2.1.0, safer-buffer@~2.1.0:
  version "2.1.2"
  resolved "https://registry.npmjs.org/safer-buffer/-/safer-buffer-2.1.2.tgz"
  integrity sha512-YZo3K82SD7Riyi0E1EQPojLz7kpepnSQI9IyPbHHg1XXXevb5dJI7tpyN2ADxGcQbHG7vcyRHk0cbwqcQriUtg==

seek-bzip@^1.0.5:
  version "1.0.6"
  resolved "https://registry.npmjs.org/seek-bzip/-/seek-bzip-1.0.6.tgz"
  integrity sha512-e1QtP3YL5tWww8uKaOCQ18UxIT2laNBXHjV/S2WYCiK4udiv8lkG89KRIoCjUagnAmCBurjF4zEVX2ByBbnCjQ==
  dependencies:
    commander "^2.8.1"

sort-keys-length@^1.0.0:
  version "1.0.1"
  resolved "https://registry.npm.taobao.org/sort-keys-length/download/sort-keys-length-1.0.1.tgz"
  integrity sha1-nLb09OnkgVWmqgZx7dM2/xR5oYg=
  dependencies:
    sort-keys "^1.0.0"

sort-keys@^1.0.0:
  version "1.1.2"
  resolved "https://registry.npm.taobao.org/sort-keys/download/sort-keys-1.1.2.tgz"
  integrity sha1-RBttTTRnmPG05J6JIK37oOVD+a0=
  dependencies:
    is-plain-obj "^1.0.0"

sort-keys@^2.0.0:
  version "2.0.0"
  resolved "https://registry.npm.taobao.org/sort-keys/download/sort-keys-2.0.0.tgz"
  integrity sha1-ZYU1WEhh7JfXMNbPQYIuH1ZoQSg=
  dependencies:
    is-plain-obj "^1.0.0"

sshpk@^1.7.0:
  version "1.16.1"
  resolved "https://registry.npmjs.org/sshpk/-/sshpk-1.16.1.tgz"
  integrity sha512-HXXqVUq7+pcKeLqqZj6mHFUMvXtOJt1uoUx09pFW6011inTMxqI8BA8PM95myrIyyKwdnzjdFjLiE6KBPVtJIg==
  dependencies:
    asn1 "~0.2.3"
    assert-plus "^1.0.0"
    bcrypt-pbkdf "^1.0.0"
    dashdash "^1.12.0"
    ecc-jsbn "~0.1.1"
    getpass "^0.1.1"
    jsbn "~0.1.0"
    safer-buffer "^2.0.2"
    tweetnacl "~0.14.0"

strict-uri-encode@^1.0.0:
  version "1.1.0"
  resolved "https://registry.npm.taobao.org/strict-uri-encode/download/strict-uri-encode-1.1.0.tgz"
  integrity sha1-J5siXfHVgrH1TmWt3UNS4Y+qBxM=

string_decoder@~1.1.1:
  version "1.1.1"
  resolved "https://registry.npmjs.org/string_decoder/-/string_decoder-1.1.1.tgz"
  integrity sha512-n/ShnvDi6FHbbVfviro+WojiFzv+s8MPMHBczVePfUpDJLwoLT0ht1l4YwBCbi8pJAveEEdnkHyPyTP/mzRfwg==
  dependencies:
    safe-buffer "~5.1.0"

strip-dirs@^2.0.0:
  version "2.1.0"
  resolved "https://registry.npmjs.org/strip-dirs/-/strip-dirs-2.1.0.tgz"
  integrity sha512-JOCxOeKLm2CAS73y/U4ZeZPTkE+gNVCzKt7Eox84Iej1LT/2pTWYpZKJuxwQpvX1LiZb1xokNR7RLfuBAa7T3g==
  dependencies:
    is-natural-number "^4.0.1"

strip-outer@^1.0.0:
  version "1.0.1"
  resolved "https://registry.npm.taobao.org/strip-outer/download/strip-outer-1.0.1.tgz"
  integrity sha1-sv0qv2YEudHmATBXGV34Nrip1jE=
  dependencies:
    escape-string-regexp "^1.0.2"

tar-stream@^1.5.2:
  version "1.6.2"
  resolved "https://registry.npmjs.org/tar-stream/-/tar-stream-1.6.2.tgz"
  integrity sha512-rzS0heiNf8Xn7/mpdSVVSMAWAoy9bfb1WOTYC78Z0UQKeKa/CWS8FOq0lKGNa8DWKAn9gxjCvMLYc5PGXYlK2A==
  dependencies:
    bl "^1.0.0"
    buffer-alloc "^1.2.0"
    end-of-stream "^1.0.0"
    fs-constants "^1.0.0"
    readable-stream "^2.3.0"
    to-buffer "^1.1.1"
    xtend "^4.0.0"

through@^2.3.8:
  version "2.3.8"
  resolved "https://registry.npmjs.org/through/-/through-2.3.8.tgz"
  integrity "sha1-DdTJ/6q8NXlgsbckEV1+Doai4fU= sha512-w89qg7PI8wAdvX60bMDP+bFoD5Dvhm9oLheFp5O4a2QF0cSBGsBX4qZmadPMvVqlLJBBci+WqGGOAPvcDeNSVg=="

timed-out@^4.0.1:
  version "4.0.1"
  resolved "https://registry.npm.taobao.org/timed-out/download/timed-out-4.0.1.tgz"
  integrity sha1-8y6srFoXW+ol1/q1Zas+2HQe9W8=

to-buffer@^1.1.1:
  version "1.1.1"
  resolved "https://registry.npmjs.org/to-buffer/-/to-buffer-1.1.1.tgz"
  integrity sha512-lx9B5iv7msuFYE3dytT+KE5tap+rNYw+K4jVkb9R/asAb+pbBSM17jtunHplhBe6RRJdZx3Pn2Jph24O32mOVg==

tough-cookie@~2.4.3:
  version "2.4.3"
  resolved "https://registry.npmjs.org/tough-cookie/-/tough-cookie-2.4.3.tgz"
  integrity sha512-Q5srk/4vDM54WJsJio3XNn6K2sCG+CQ8G5Wz6bZhRZoAe/+TxjWB/GlFAnYEbkYVlON9FMk/fE3h2RLpPXo4lQ==
  dependencies:
    psl "^1.1.24"
    punycode "^1.4.1"

trim-repeated@^1.0.0:
  version "1.0.0"
  resolved "https://registry.npm.taobao.org/trim-repeated/download/trim-repeated-1.0.0.tgz"
  integrity sha1-42RqLqTokTEr9+rObPsFOAvAHCE=
  dependencies:
    escape-string-regexp "^1.0.2"

tunnel-agent@^0.6.0:
  version "0.6.0"
  resolved "https://registry.npmjs.org/tunnel-agent/-/tunnel-agent-0.6.0.tgz"
  integrity "sha1-J6XeoGs2sEoKmWZ3SykIaPD8QP0= sha512-McnNiV1l8RYeY8tBgEpuodCC1mLUdbSN+CYBL7kJsJNInOP8UjDDEwdk6Mw60vdLLrr5NHKZhMAOSrR2NZuQ+w=="
  dependencies:
    safe-buffer "^5.0.1"

tweetnacl@^0.14.3, tweetnacl@~0.14.0:
  version "0.14.5"
  resolved "https://registry.npmjs.org/tweetnacl/-/tweetnacl-0.14.5.tgz"
  integrity "sha1-WuaBd/GS1EViadEIr6k/+HQ/T2Q= sha512-KXXFFdAbFXY4geFIwoyNK+f5Z1b7swfXABfL7HXCmoIWMKU3dmS26672A4EeQtDzLKy7SXmfBu51JolvEKwtGA=="

unbzip2-stream@^1.0.9:
  version "1.4.3"
  resolved "https://registry.npmjs.org/unbzip2-stream/-/unbzip2-stream-1.4.3.tgz"
  integrity sha512-mlExGW4w71ebDJviH16lQLtZS32VKqsSfk80GCfUlwT/4/hNRFsoscrF/c++9xinkMzECL1uL9DDwXqFWkruPg==
  dependencies:
    buffer "^5.2.1"
    through "^2.3.8"

universalify@^2.0.0:
  version "2.0.1"
  resolved "https://registry.npmjs.org/universalify/-/universalify-2.0.1.tgz"
  integrity sha512-gptHNQghINnc/vTGIk0SOFGFNXw7JVrlRUtConJRlvaw6DuX0wO5Jeko9sWrMBhh+PsYAZ7oXAiOnf/UKogyiw==

uri-js@^4.2.2:
  version "4.2.2"
  resolved "https://registry.npmjs.org/uri-js/-/uri-js-4.2.2.tgz"
  integrity sha512-KY9Frmirql91X2Qgjry0Wd4Y+YTdrdZheS8TFwvkbLWf/G5KNJDCh6pKL5OZctEW4+0Baa5idK2ZQuELRwPznQ==
  dependencies:
    punycode "^2.1.0"

url-parse-lax@^3.0.0:
  version "3.0.0"
  resolved "https://registry.npm.taobao.org/url-parse-lax/download/url-parse-lax-3.0.0.tgz"
  integrity sha1-FrXK/Afb42dsGxmZF3gj1lA6yww=
  dependencies:
    prepend-http "^2.0.0"

url-to-options@^1.0.1:
  version "1.0.1"
  resolved "https://registry.npm.taobao.org/url-to-options/download/url-to-options-1.0.1.tgz"
  integrity sha1-FQWgOiiaSMvXpDTvuu7FBV9WM6k=

util-deprecate@~1.0.1:
  version "1.0.2"
  resolved "https://registry.npmjs.org/util-deprecate/-/util-deprecate-1.0.2.tgz"
  integrity "sha1-RQ1Nyfpw3nMnYvvS1KKJgUGaDM8= sha512-EPD5q1uXyFxJpCrLnCc1nHnq3gOa6DZBocAIiI2TaSCA7VCJ1UJDMagCzIkXNsUYfD1daK//LTEQ8xiIbrHtcw=="

uuid@^3.3.2:
  version "3.3.3"
  resolved "https://registry.npmjs.org/uuid/-/uuid-3.3.3.tgz"
  integrity sha512-pW0No1RGHgzlpHJO1nsVrHKpOEIxkGg1xB+v0ZmdNH5OAeAwzAVrCnI2/6Mtx+Uys6iaylxa+D3g4j63IKKjSQ==

verror@1.10.0:
  version "1.10.0"
  resolved "https://registry.npmjs.org/verror/-/verror-1.10.0.tgz"
  integrity "sha1-OhBcoXBTr1XW4nDB+CiGguGNpAA= sha512-ZZKSmDAEFOijERBLkmYfJ+vmk3w+7hOLYDNkRCuRuMJGEmqYNCNLyBBFwWKVMhfwaEF3WOd0Zlw86U/WC/+nYw=="
  dependencies:
    assert-plus "^1.0.0"
    core-util-is "1.0.2"
    extsprintf "^1.2.0"

wrappy@1:
  version "1.0.2"
  resolved "https://registry.npmjs.org/wrappy/-/wrappy-1.0.2.tgz"
  integrity "sha1-tSQ9jz7BqjXxNkYFvA0QNuMKtp8= sha512-l4Sp/DRseor9wL6EvV2+TuQn63dMkPjZ/sp9XkghTEbV9KlPS1xUsZ3u7/IQO4wxtcFB4bgpQPRcR3QCvezPcQ=="

xtend@^4.0.0:
  version "4.0.2"
  resolved "https://registry.npmjs.org/xtend/-/xtend-4.0.2.tgz"
  integrity sha512-LKYU1iAXJXUgAXn9URjiu+MWhyUXHsvfp7mcuYm9dSUKK0/CjtrUwFAxD82/mCWbtLsGjFIad0wIsod4zrTAEQ==

yauzl@^2.4.2:
  version "2.10.0"
  resolved "https://registry.npmjs.org/yauzl/-/yauzl-2.10.0.tgz"
  integrity "sha1-x+sXyT4RLLEIb6bY5R+wZnt5pfk= sha512-p4a9I6X6nu6IhoGmBqAcbJy1mlC4j27vEPZX9F4L4/vZT3Lyq1VkFHw/V/PUcB9Buo+DG3iHkT0x3Qya58zc3g=="
  dependencies:
    buffer-crc32 "~0.2.3"
    fd-slicer "~1.1.0"
